{
  "name": "osjs-notifications",
  "version": "1.0.0",
  "lockfileVersion": 3,
  "requires": true,
  "packages": {
    "": {
      "name": "osjs-notifications",
      "version": "1.0.0",
      "dependencies": {
        "@osjs/event-emitter": "^1.0.10",
        "hyperapp": "^1.2.10"
      }
    },
    "node_modules/@osjs/event-emitter": {
      "version": "1.0.10",
      "resolved": "https://registry.npmjs.org/@osjs/event-emitter/-/event-emitter-1.0.10.tgz",
      "integrity": "sha512-yponR3bRJxH0eXGuUrD+dXtkPLlnoMfb8Qa3i38Jls9fn9nN92tmWd0tjKDSNBmlhLofUwiAoI3BobJMKZgz/A==",
      "license": "BSD-2-Clause"
    },
    "node_modules/hyperapp": {
      "version": "1.2.10",
      "resolved": "https://registry.npmjs.org/hyperapp/-/hyperapp-1.2.10.tgz",
      "integrity": "sha512-6htzCy/Y9QiSXyUGgZhfTqW0NtK7uMlaGS2t/kARJifu5vR4FjMcfC/5lqVs2mLSZ6GdKLEPsMZOVBpHz5X/qg==",
      "deprecated": "The Times They Are a-Changin. Please upgrade to Hyperapp 2",
      "license": "MIT"
    }
  }
}
